
Microsoft Visual Studio Solution File, Format Version 12.00
# Visual Studio Version 17
VisualStudioVersion = 17.1.32210.238
MinimumVisualStudioVersion = 10.0.40219.1
Project("{9A19103F-16F7-4668-BE54-9A1E7A4F7556}") = "CoreLaunching", "D:\Xiong's\WPF\CoreLaunching\CoreLaunching\CoreLaunching\CoreLaunching.csproj", "{3B219791-A8B7-42F5-9298-372EDB1062E6}"
EndProject
Project("{C7167F0D-BC9F-4E6E-AFE1-012C56B48DB5}") = "MEFLWinUI3Desktop (Package)", "MEFLWinUI3Desktop\MEFLWinUI3Desktop (Package)\MEFLWinUI3Desktop (Package).wapproj", "{1136C76E-00C8-4A1D-A0FE-27C0AE165699}"
EndProject
Project("{9A19103F-16F7-4668-BE54-9A1E7A4F7556}") = "MEFLWinUI3Desktop", "MEFLWinUI3Desktop\MEFLWinUI3Desktop\MEFLWinUI3Desktop.csproj", "{640B998C-7539-490A-9C5B-4A6B34C636D6}"
EndProject
Project("{D954291E-2A0B-460D-934E-DC6B0785DB48}") = "SharedMEFLClass", "SharedMEFLClass\SharedMEFLClass.shproj", "{00442D5B-D000-4D7E-9D37-6CE764806D77}"
EndProject
Project("{9A19103F-16F7-4668-BE54-9A1E7A4F7556}") = "MEFLAvalonia", "MEFLAvalonia\MEFLAvalonia.csproj", "{2AE91223-506E-4234-AD2F-F30BD53779E6}"
EndProject
Project("{D954291E-2A0B-460D-934E-DC6B0785DB48}") = "SharedMEFLUWP", "SharedMEFLUWP\SharedMEFLUWP.shproj", "{F9D617CA-0CC1-4B2E-8605-2A97D42D73A7}"
EndProject
Project("{FAE04EC0-301F-11D3-BF4B-00C04F79EFBC}") = "MEFLUWP", "MEFLUWP\MEFLUWP.csproj", "{C3ACF42F-3A3A-43F1-B1E8-D025D48FFDA3}"
EndProject
Project("{FAE04EC0-301F-11D3-BF4B-00C04F79EFBC}") = "MEFLWinUI3UWP", "MEFLWinUI3UWP\MEFLWinUI3UWP.csproj", "{1D7867E0-3A4E-4673-B13C-8BEC1B24E5D9}"
EndProject
Project("{9A19103F-16F7-4668-BE54-9A1E7A4F7556}") = "CoreLaunchingNet6", "..\CoreLaunching\CoreLaunchingNet6\CoreLaunchingNet6.csproj", "{F45F7573-6B83-4A0D-A3EC-11FEB91B1140}"
EndProject
Project("{FAE04EC0-301F-11D3-BF4B-00C04F79EFBC}") = "CoreLaunchingNetFw452", "..\CoreLaunching\CoreLaunchingFw452\CoreLaunchingFw452\CoreLaunchingNetFw452.csproj", "{A98F00B4-191B-4401-B986-B3E8A5F10605}"
EndProject
Project("{FAE04EC0-301F-11D3-BF4B-00C04F79EFBC}") = "CoreLaunchingNetFw4", "..\CoreLaunching\CoreLaunchingNetFw4\CoreLaunchingNetFw4.csproj", "{0B5FF277-F018-41BA-B45E-49CD97BCDA02}"
EndProject
Project("{D954291E-2A0B-460D-934E-DC6B0785DB48}") = "SharedCore", "..\CoreLaunching\SharedCore\SharedCore.shproj", "{E2A9F52B-6053-4004-9D43-AA972D0DA2CF}"
EndProject
Project("{D954291E-2A0B-460D-934E-DC6B0785DB48}") = "SharedWPF", "SharedMVVMWPF\SharedWPF.shproj", "{A76E17ED-57BF-45E9-B5E8-9A16C228FB70}"
EndProject
Project("{9A19103F-16F7-4668-BE54-9A1E7A4F7556}") = "MEFLNet6", "MEFLNet6\MEFLNet6.csproj", "{46691A0F-6F40-4CB2-B17D-E14DABD459D6}"
EndProject
Project("{D954291E-2A0B-460D-934E-DC6B0785DB48}") = "SharedSources", "SharedSources\SharedSources.shproj", "{A6BAB5A9-265B-4417-8C32-6D9A7E19F081}"
EndProject
Global
	GlobalSection(SharedMSBuildProjectFiles) = preSolution
		SharedMEFLClass\SharedMEFLClass.projitems*{00442d5b-d000-4d7e-9d37-6ce764806d77}*SharedItemsImports = 13
		..\CoreLaunching\SharedCore\SharedCore.projitems*{0b5ff277-f018-41ba-b45e-49cd97bcda02}*SharedItemsImports = 4
		SharedMEFLClass\SharedMEFLClass.projitems*{1d7867e0-3a4e-4673-b13c-8bec1b24e5d9}*SharedItemsImports = 4
		SharedMEFLUWP\SharedMEFLUWP.projitems*{1d7867e0-3a4e-4673-b13c-8bec1b24e5d9}*SharedItemsImports = 4
		SharedMEFLClass\SharedMEFLClass.projitems*{2ae91223-506e-4234-ad2f-f30bd53779e6}*SharedItemsImports = 5
		SharedMEFLClass\SharedMEFLClass.projitems*{46691a0f-6f40-4cb2-b17d-e14dabd459d6}*SharedItemsImports = 5
		SharedMVVMWPF\SharedMVVMWPF.projitems*{46691a0f-6f40-4cb2-b17d-e14dabd459d6}*SharedItemsImports = 5
		SharedSources\SharedSources.projitems*{46691a0f-6f40-4cb2-b17d-e14dabd459d6}*SharedItemsImports = 5
		SharedMEFLClass\SharedMEFLClass.projitems*{640b998c-7539-490a-9c5b-4a6b34c636d6}*SharedItemsImports = 5
		SharedSources\SharedSources.projitems*{a6bab5a9-265b-4417-8c32-6d9a7e19f081}*SharedItemsImports = 13
		SharedMVVMWPF\SharedMVVMWPF.projitems*{a76e17ed-57bf-45e9-b5e8-9a16c228fb70}*SharedItemsImports = 13
		..\CoreLaunching\SharedCore\SharedCore.projitems*{a98f00b4-191b-4401-b986-b3e8a5f10605}*SharedItemsImports = 4
		SharedMEFLClass\SharedMEFLClass.projitems*{c3acf42f-3a3a-43f1-b1e8-d025d48ffda3}*SharedItemsImports = 4
		SharedMEFLUWP\SharedMEFLUWP.projitems*{c3acf42f-3a3a-43f1-b1e8-d025d48ffda3}*SharedItemsImports = 4
		..\CoreLaunching\SharedCore\SharedCore.projitems*{e2a9f52b-6053-4004-9d43-aa972d0da2cf}*SharedItemsImports = 13
		..\CoreLaunching\SharedCore\SharedCore.projitems*{f45f7573-6b83-4a0d-a3ec-11feb91b1140}*SharedItemsImports = 5
		SharedMEFLUWP\SharedMEFLUWP.projitems*{f9d617ca-0cc1-4b2e-8605-2a97d42d73a7}*SharedItemsImports = 13
	EndGlobalSection
	GlobalSection(SolutionConfigurationPlatforms) = preSolution
		Debug|Any CPU = Debug|Any CPU
		Debug|ARM = Debug|ARM
		Debug|arm64 = Debug|arm64
		Debug|x64 = Debug|x64
		Debug|x86 = Debug|x86
		Release|Any CPU = Release|Any CPU
		Release|ARM = Release|ARM
		Release|arm64 = Release|arm64
		Release|x64 = Release|x64
		Release|x86 = Release|x86
	EndGlobalSection
	GlobalSection(ProjectConfigurationPlatforms) = postSolution
		{3B219791-A8B7-42F5-9298-372EDB1062E6}.Debug|Any CPU.ActiveCfg = Debug|Any CPU
		{3B219791-A8B7-42F5-9298-372EDB1062E6}.Debug|Any CPU.Build.0 = Debug|Any CPU
		{3B219791-A8B7-42F5-9298-372EDB1062E6}.Debug|ARM.ActiveCfg = Debug|Any CPU
		{3B219791-A8B7-42F5-9298-372EDB1062E6}.Debug|ARM.Build.0 = Debug|Any CPU
		{3B219791-A8B7-42F5-9298-372EDB1062E6}.Debug|arm64.ActiveCfg = Debug|Any CPU
		{3B219791-A8B7-42F5-9298-372EDB1062E6}.Debug|arm64.Build.0 = Debug|Any CPU
		{3B219791-A8B7-42F5-9298-372EDB1062E6}.Debug|x64.ActiveCfg = Debug|Any CPU
		{3B219791-A8B7-42F5-9298-372EDB1062E6}.Debug|x64.Build.0 = Debug|Any CPU
		{3B219791-A8B7-42F5-9298-372EDB1062E6}.Debug|x86.ActiveCfg = Debug|Any CPU
		{3B219791-A8B7-42F5-9298-372EDB1062E6}.Debug|x86.Build.0 = Debug|Any CPU
		{3B219791-A8B7-42F5-9298-372EDB1062E6}.Release|Any CPU.ActiveCfg = Release|Any CPU
		{3B219791-A8B7-42F5-9298-372EDB1062E6}.Release|Any CPU.Build.0 = Release|Any CPU
		{3B219791-A8B7-42F5-9298-372EDB1062E6}.Release|ARM.ActiveCfg = Release|Any CPU
		{3B219791-A8B7-42F5-9298-372EDB1062E6}.Release|ARM.Build.0 = Release|Any CPU
		{3B219791-A8B7-42F5-9298-372EDB1062E6}.Release|arm64.ActiveCfg = Release|Any CPU
		{3B219791-A8B7-42F5-9298-372EDB1062E6}.Release|arm64.Build.0 = Release|Any CPU
		{3B219791-A8B7-42F5-9298-372EDB1062E6}.Release|x64.ActiveCfg = Release|Any CPU
		{3B219791-A8B7-42F5-9298-372EDB1062E6}.Release|x64.Build.0 = Release|Any CPU
		{3B219791-A8B7-42F5-9298-372EDB1062E6}.Release|x86.ActiveCfg = Release|Any CPU
		{3B219791-A8B7-42F5-9298-372EDB1062E6}.Release|x86.Build.0 = Release|Any CPU
		{1136C76E-00C8-4A1D-A0FE-27C0AE165699}.Debug|Any CPU.ActiveCfg = Debug|x64
		{1136C76E-00C8-4A1D-A0FE-27C0AE165699}.Debug|Any CPU.Build.0 = Debug|x64
		{1136C76E-00C8-4A1D-A0FE-27C0AE165699}.Debug|Any CPU.Deploy.0 = Debug|x64
		{1136C76E-00C8-4A1D-A0FE-27C0AE165699}.Debug|ARM.ActiveCfg = Debug|x64
		{1136C76E-00C8-4A1D-A0FE-27C0AE165699}.Debug|ARM.Build.0 = Debug|x64
		{1136C76E-00C8-4A1D-A0FE-27C0AE165699}.Debug|ARM.Deploy.0 = Debug|x64
		{1136C76E-00C8-4A1D-A0FE-27C0AE165699}.Debug|arm64.ActiveCfg = Debug|arm64
		{1136C76E-00C8-4A1D-A0FE-27C0AE165699}.Debug|arm64.Build.0 = Debug|arm64
		{1136C76E-00C8-4A1D-A0FE-27C0AE165699}.Debug|arm64.Deploy.0 = Debug|arm64
		{1136C76E-00C8-4A1D-A0FE-27C0AE165699}.Debug|x64.ActiveCfg = Debug|x64
		{1136C76E-00C8-4A1D-A0FE-27C0AE165699}.Debug|x64.Build.0 = Debug|x64
		{1136C76E-00C8-4A1D-A0FE-27C0AE165699}.Debug|x64.Deploy.0 = Debug|x64
		{1136C76E-00C8-4A1D-A0FE-27C0AE165699}.Debug|x86.ActiveCfg = Debug|x86
		{1136C76E-00C8-4A1D-A0FE-27C0AE165699}.Debug|x86.Build.0 = Debug|x86
		{1136C76E-00C8-4A1D-A0FE-27C0AE165699}.Debug|x86.Deploy.0 = Debug|x86
		{1136C76E-00C8-4A1D-A0FE-27C0AE165699}.Release|Any CPU.ActiveCfg = Release|x64
		{1136C76E-00C8-4A1D-A0FE-27C0AE165699}.Release|Any CPU.Build.0 = Release|x64
		{1136C76E-00C8-4A1D-A0FE-27C0AE165699}.Release|Any CPU.Deploy.0 = Release|x64
		{1136C76E-00C8-4A1D-A0FE-27C0AE165699}.Release|ARM.ActiveCfg = Release|x64
		{1136C76E-00C8-4A1D-A0FE-27C0AE165699}.Release|ARM.Build.0 = Release|x64
		{1136C76E-00C8-4A1D-A0FE-27C0AE165699}.Release|ARM.Deploy.0 = Release|x64
		{1136C76E-00C8-4A1D-A0FE-27C0AE165699}.Release|arm64.ActiveCfg = Release|arm64
		{1136C76E-00C8-4A1D-A0FE-27C0AE165699}.Release|arm64.Build.0 = Release|arm64
		{1136C76E-00C8-4A1D-A0FE-27C0AE165699}.Release|arm64.Deploy.0 = Release|arm64
		{1136C76E-00C8-4A1D-A0FE-27C0AE165699}.Release|x64.ActiveCfg = Release|x64
		{1136C76E-00C8-4A1D-A0FE-27C0AE165699}.Release|x64.Build.0 = Release|x64
		{1136C76E-00C8-4A1D-A0FE-27C0AE165699}.Release|x64.Deploy.0 = Release|x64
		{1136C76E-00C8-4A1D-A0FE-27C0AE165699}.Release|x86.ActiveCfg = Release|x86
		{1136C76E-00C8-4A1D-A0FE-27C0AE165699}.Release|x86.Build.0 = Release|x86
		{1136C76E-00C8-4A1D-A0FE-27C0AE165699}.Release|x86.Deploy.0 = Release|x86
		{640B998C-7539-490A-9C5B-4A6B34C636D6}.Debug|Any CPU.ActiveCfg = Debug|x64
		{640B998C-7539-490A-9C5B-4A6B34C636D6}.Debug|Any CPU.Build.0 = Debug|x64
		{640B998C-7539-490A-9C5B-4A6B34C636D6}.Debug|ARM.ActiveCfg = Debug|x64
		{640B998C-7539-490A-9C5B-4A6B34C636D6}.Debug|ARM.Build.0 = Debug|x64
		{640B998C-7539-490A-9C5B-4A6B34C636D6}.Debug|arm64.ActiveCfg = Debug|arm64
		{640B998C-7539-490A-9C5B-4A6B34C636D6}.Debug|arm64.Build.0 = Debug|arm64
		{640B998C-7539-490A-9C5B-4A6B34C636D6}.Debug|x64.ActiveCfg = Debug|x64
		{640B998C-7539-490A-9C5B-4A6B34C636D6}.Debug|x64.Build.0 = Debug|x64
		{640B998C-7539-490A-9C5B-4A6B34C636D6}.Debug|x86.ActiveCfg = Debug|x86
		{640B998C-7539-490A-9C5B-4A6B34C636D6}.Debug|x86.Build.0 = Debug|x86
		{640B998C-7539-490A-9C5B-4A6B34C636D6}.Release|Any CPU.ActiveCfg = Release|x64
		{640B998C-7539-490A-9C5B-4A6B34C636D6}.Release|Any CPU.Build.0 = Release|x64
		{640B998C-7539-490A-9C5B-4A6B34C636D6}.Release|ARM.ActiveCfg = Release|x64
		{640B998C-7539-490A-9C5B-4A6B34C636D6}.Release|ARM.Build.0 = Release|x64
		{640B998C-7539-490A-9C5B-4A6B34C636D6}.Release|arm64.ActiveCfg = Release|arm64
		{640B998C-7539-490A-9C5B-4A6B34C636D6}.Release|arm64.Build.0 = Release|arm64
		{640B998C-7539-490A-9C5B-4A6B34C636D6}.Release|x64.ActiveCfg = Release|x64
		{640B998C-7539-490A-9C5B-4A6B34C636D6}.Release|x64.Build.0 = Release|x64
		{640B998C-7539-490A-9C5B-4A6B34C636D6}.Release|x86.ActiveCfg = Release|x86
		{640B998C-7539-490A-9C5B-4A6B34C636D6}.Release|x86.Build.0 = Release|x86
		{2AE91223-506E-4234-AD2F-F30BD53779E6}.Debug|Any CPU.ActiveCfg = Debug|Any CPU
		{2AE91223-506E-4234-AD2F-F30BD53779E6}.Debug|Any CPU.Build.0 = Debug|Any CPU
		{2AE91223-506E-4234-AD2F-F30BD53779E6}.Debug|ARM.ActiveCfg = Debug|Any CPU
		{2AE91223-506E-4234-AD2F-F30BD53779E6}.Debug|ARM.Build.0 = Debug|Any CPU
		{2AE91223-506E-4234-AD2F-F30BD53779E6}.Debug|arm64.ActiveCfg = Debug|Any CPU
		{2AE91223-506E-4234-AD2F-F30BD53779E6}.Debug|arm64.Build.0 = Debug|Any CPU
		{2AE91223-506E-4234-AD2F-F30BD53779E6}.Debug|x64.ActiveCfg = Debug|Any CPU
		{2AE91223-506E-4234-AD2F-F30BD53779E6}.Debug|x64.Build.0 = Debug|Any CPU
		{2AE91223-506E-4234-AD2F-F30BD53779E6}.Debug|x86.ActiveCfg = Debug|Any CPU
		{2AE91223-506E-4234-AD2F-F30BD53779E6}.Debug|x86.Build.0 = Debug|Any CPU
		{2AE91223-506E-4234-AD2F-F30BD53779E6}.Release|Any CPU.ActiveCfg = Release|Any CPU
		{2AE91223-506E-4234-AD2F-F30BD53779E6}.Release|Any CPU.Build.0 = Release|Any CPU
		{2AE91223-506E-4234-AD2F-F30BD53779E6}.Release|ARM.ActiveCfg = Release|Any CPU
		{2AE91223-506E-4234-AD2F-F30BD53779E6}.Release|ARM.Build.0 = Release|Any CPU
		{2AE91223-506E-4234-AD2F-F30BD53779E6}.Release|arm64.ActiveCfg = Release|Any CPU
		{2AE91223-506E-4234-AD2F-F30BD53779E6}.Release|arm64.Build.0 = Release|Any CPU
		{2AE91223-506E-4234-AD2F-F30BD53779E6}.Release|x64.ActiveCfg = Release|Any CPU
		{2AE91223-506E-4234-AD2F-F30BD53779E6}.Release|x64.Build.0 = Release|Any CPU
		{2AE91223-506E-4234-AD2F-F30BD53779E6}.Release|x86.ActiveCfg = Release|Any CPU
		{2AE91223-506E-4234-AD2F-F30BD53779E6}.Release|x86.Build.0 = Release|Any CPU
		{C3ACF42F-3A3A-43F1-B1E8-D025D48FFDA3}.Debug|Any CPU.ActiveCfg = Debug|x64
		{C3ACF42F-3A3A-43F1-B1E8-D025D48FFDA3}.Debug|Any CPU.Build.0 = Debug|x64
		{C3ACF42F-3A3A-43F1-B1E8-D025D48FFDA3}.Debug|Any CPU.Deploy.0 = Debug|x64
		{C3ACF42F-3A3A-43F1-B1E8-D025D48FFDA3}.Debug|ARM.ActiveCfg = Debug|ARM
		{C3ACF42F-3A3A-43F1-B1E8-D025D48FFDA3}.Debug|ARM.Build.0 = Debug|ARM
		{C3ACF42F-3A3A-43F1-B1E8-D025D48FFDA3}.Debug|ARM.Deploy.0 = Debug|ARM
		{C3ACF42F-3A3A-43F1-B1E8-D025D48FFDA3}.Debug|arm64.ActiveCfg = Debug|ARM64
		{C3ACF42F-3A3A-43F1-B1E8-D025D48FFDA3}.Debug|arm64.Build.0 = Debug|ARM64
		{C3ACF42F-3A3A-43F1-B1E8-D025D48FFDA3}.Debug|arm64.Deploy.0 = Debug|ARM64
		{C3ACF42F-3A3A-43F1-B1E8-D025D48FFDA3}.Debug|x64.ActiveCfg = Debug|x64
		{C3ACF42F-3A3A-43F1-B1E8-D025D48FFDA3}.Debug|x64.Build.0 = Debug|x64
		{C3ACF42F-3A3A-43F1-B1E8-D025D48FFDA3}.Debug|x64.Deploy.0 = Debug|x64
		{C3ACF42F-3A3A-43F1-B1E8-D025D48FFDA3}.Debug|x86.ActiveCfg = Debug|x86
		{C3ACF42F-3A3A-43F1-B1E8-D025D48FFDA3}.Debug|x86.Build.0 = Debug|x86
		{C3ACF42F-3A3A-43F1-B1E8-D025D48FFDA3}.Debug|x86.Deploy.0 = Debug|x86
		{C3ACF42F-3A3A-43F1-B1E8-D025D48FFDA3}.Release|Any CPU.ActiveCfg = Release|x64
		{C3ACF42F-3A3A-43F1-B1E8-D025D48FFDA3}.Release|Any CPU.Build.0 = Release|x64
		{C3ACF42F-3A3A-43F1-B1E8-D025D48FFDA3}.Release|Any CPU.Deploy.0 = Release|x64
		{C3ACF42F-3A3A-43F1-B1E8-D025D48FFDA3}.Release|ARM.ActiveCfg = Release|ARM
		{C3ACF42F-3A3A-43F1-B1E8-D025D48FFDA3}.Release|ARM.Build.0 = Release|ARM
		{C3ACF42F-3A3A-43F1-B1E8-D025D48FFDA3}.Release|ARM.Deploy.0 = Release|ARM
		{C3ACF42F-3A3A-43F1-B1E8-D025D48FFDA3}.Release|arm64.ActiveCfg = Release|ARM64
		{C3ACF42F-3A3A-43F1-B1E8-D025D48FFDA3}.Release|arm64.Build.0 = Release|ARM64
		{C3ACF42F-3A3A-43F1-B1E8-D025D48FFDA3}.Release|arm64.Deploy.0 = Release|ARM64
		{C3ACF42F-3A3A-43F1-B1E8-D025D48FFDA3}.Release|x64.ActiveCfg = Release|x64
		{C3ACF42F-3A3A-43F1-B1E8-D025D48FFDA3}.Release|x64.Build.0 = Release|x64
		{C3ACF42F-3A3A-43F1-B1E8-D025D48FFDA3}.Release|x64.Deploy.0 = Release|x64
		{C3ACF42F-3A3A-43F1-B1E8-D025D48FFDA3}.Release|x86.ActiveCfg = Release|x86
		{C3ACF42F-3A3A-43F1-B1E8-D025D48FFDA3}.Release|x86.Build.0 = Release|x86
		{C3ACF42F-3A3A-43F1-B1E8-D025D48FFDA3}.Release|x86.Deploy.0 = Release|x86
		{1D7867E0-3A4E-4673-B13C-8BEC1B24E5D9}.Debug|Any CPU.ActiveCfg = Debug|x64
		{1D7867E0-3A4E-4673-B13C-8BEC1B24E5D9}.Debug|Any CPU.Build.0 = Debug|x64
		{1D7867E0-3A4E-4673-B13C-8BEC1B24E5D9}.Debug|Any CPU.Deploy.0 = Debug|x64
		{1D7867E0-3A4E-4673-B13C-8BEC1B24E5D9}.Debug|ARM.ActiveCfg = Debug|x64
		{1D7867E0-3A4E-4673-B13C-8BEC1B24E5D9}.Debug|ARM.Build.0 = Debug|x64
		{1D7867E0-3A4E-4673-B13C-8BEC1B24E5D9}.Debug|ARM.Deploy.0 = Debug|x64
		{1D7867E0-3A4E-4673-B13C-8BEC1B24E5D9}.Debug|arm64.ActiveCfg = Debug|arm64
		{1D7867E0-3A4E-4673-B13C-8BEC1B24E5D9}.Debug|arm64.Build.0 = Debug|arm64
		{1D7867E0-3A4E-4673-B13C-8BEC1B24E5D9}.Debug|arm64.Deploy.0 = Debug|arm64
		{1D7867E0-3A4E-4673-B13C-8BEC1B24E5D9}.Debug|x64.ActiveCfg = Debug|x64
		{1D7867E0-3A4E-4673-B13C-8BEC1B24E5D9}.Debug|x64.Build.0 = Debug|x64
		{1D7867E0-3A4E-4673-B13C-8BEC1B24E5D9}.Debug|x64.Deploy.0 = Debug|x64
		{1D7867E0-3A4E-4673-B13C-8BEC1B24E5D9}.Debug|x86.ActiveCfg = Debug|x86
		{1D7867E0-3A4E-4673-B13C-8BEC1B24E5D9}.Debug|x86.Build.0 = Debug|x86
		{1D7867E0-3A4E-4673-B13C-8BEC1B24E5D9}.Debug|x86.Deploy.0 = Debug|x86
		{1D7867E0-3A4E-4673-B13C-8BEC1B24E5D9}.Release|Any CPU.ActiveCfg = Release|x64
		{1D7867E0-3A4E-4673-B13C-8BEC1B24E5D9}.Release|Any CPU.Build.0 = Release|x64
		{1D7867E0-3A4E-4673-B13C-8BEC1B24E5D9}.Release|Any CPU.Deploy.0 = Release|x64
		{1D7867E0-3A4E-4673-B13C-8BEC1B24E5D9}.Release|ARM.ActiveCfg = Release|x64
		{1D7867E0-3A4E-4673-B13C-8BEC1B24E5D9}.Release|ARM.Build.0 = Release|x64
		{1D7867E0-3A4E-4673-B13C-8BEC1B24E5D9}.Release|ARM.Deploy.0 = Release|x64
		{1D7867E0-3A4E-4673-B13C-8BEC1B24E5D9}.Release|arm64.ActiveCfg = Release|arm64
		{1D7867E0-3A4E-4673-B13C-8BEC1B24E5D9}.Release|arm64.Build.0 = Release|arm64
		{1D7867E0-3A4E-4673-B13C-8BEC1B24E5D9}.Release|arm64.Deploy.0 = Release|arm64
		{1D7867E0-3A4E-4673-B13C-8BEC1B24E5D9}.Release|x64.ActiveCfg = Release|x64
		{1D7867E0-3A4E-4673-B13C-8BEC1B24E5D9}.Release|x64.Build.0 = Release|x64
		{1D7867E0-3A4E-4673-B13C-8BEC1B24E5D9}.Release|x64.Deploy.0 = Release|x64
		{1D7867E0-3A4E-4673-B13C-8BEC1B24E5D9}.Release|x86.ActiveCfg = Release|x86
		{1D7867E0-3A4E-4673-B13C-8BEC1B24E5D9}.Release|x86.Build.0 = Release|x86
		{1D7867E0-3A4E-4673-B13C-8BEC1B24E5D9}.Release|x86.Deploy.0 = Release|x86
		{F45F7573-6B83-4A0D-A3EC-11FEB91B1140}.Debug|Any CPU.ActiveCfg = Debug|Any CPU
		{F45F7573-6B83-4A0D-A3EC-11FEB91B1140}.Debug|Any CPU.Build.0 = Debug|Any CPU
		{F45F7573-6B83-4A0D-A3EC-11FEB91B1140}.Debug|ARM.ActiveCfg = Debug|Any CPU
		{F45F7573-6B83-4A0D-A3EC-11FEB91B1140}.Debug|ARM.Build.0 = Debug|Any CPU
		{F45F7573-6B83-4A0D-A3EC-11FEB91B1140}.Debug|arm64.ActiveCfg = Debug|Any CPU
		{F45F7573-6B83-4A0D-A3EC-11FEB91B1140}.Debug|arm64.Build.0 = Debug|Any CPU
		{F45F7573-6B83-4A0D-A3EC-11FEB91B1140}.Debug|x64.ActiveCfg = Debug|Any CPU
		{F45F7573-6B83-4A0D-A3EC-11FEB91B1140}.Debug|x64.Build.0 = Debug|Any CPU
		{F45F7573-6B83-4A0D-A3EC-11FEB91B1140}.Debug|x86.ActiveCfg = Debug|Any CPU
		{F45F7573-6B83-4A0D-A3EC-11FEB91B1140}.Debug|x86.Build.0 = Debug|Any CPU
		{F45F7573-6B83-4A0D-A3EC-11FEB91B1140}.Release|Any CPU.ActiveCfg = Release|Any CPU
		{F45F7573-6B83-4A0D-A3EC-11FEB91B1140}.Release|Any CPU.Build.0 = Release|Any CPU
		{F45F7573-6B83-4A0D-A3EC-11FEB91B1140}.Release|ARM.ActiveCfg = Release|Any CPU
		{F45F7573-6B83-4A0D-A3EC-11FEB91B1140}.Release|ARM.Build.0 = Release|Any CPU
		{F45F7573-6B83-4A0D-A3EC-11FEB91B1140}.Release|arm64.ActiveCfg = Release|Any CPU
		{F45F7573-6B83-4A0D-A3EC-11FEB91B1140}.Release|arm64.Build.0 = Release|Any CPU
		{F45F7573-6B83-4A0D-A3EC-11FEB91B1140}.Release|x64.ActiveCfg = Release|Any CPU
		{F45F7573-6B83-4A0D-A3EC-11FEB91B1140}.Release|x64.Build.0 = Release|Any CPU
		{F45F7573-6B83-4A0D-A3EC-11FEB91B1140}.Release|x86.ActiveCfg = Release|Any CPU
		{F45F7573-6B83-4A0D-A3EC-11FEB91B1140}.Release|x86.Build.0 = Release|Any CPU
		{A98F00B4-191B-4401-B986-B3E8A5F10605}.Debug|Any CPU.ActiveCfg = Debug|Any CPU
		{A98F00B4-191B-4401-B986-B3E8A5F10605}.Debug|Any CPU.Build.0 = Debug|Any CPU
		{A98F00B4-191B-4401-B986-B3E8A5F10605}.Debug|ARM.ActiveCfg = Debug|Any CPU
		{A98F00B4-191B-4401-B986-B3E8A5F10605}.Debug|ARM.Build.0 = Debug|Any CPU
		{A98F00B4-191B-4401-B986-B3E8A5F10605}.Debug|arm64.ActiveCfg = Debug|Any CPU
		{A98F00B4-191B-4401-B986-B3E8A5F10605}.Debug|arm64.Build.0 = Debug|Any CPU
		{A98F00B4-191B-4401-B986-B3E8A5F10605}.Debug|x64.ActiveCfg = Debug|Any CPU
		{A98F00B4-191B-4401-B986-B3E8A5F10605}.Debug|x64.Build.0 = Debug|Any CPU
		{A98F00B4-191B-4401-B986-B3E8A5F10605}.Debug|x86.ActiveCfg = Debug|Any CPU
		{A98F00B4-191B-4401-B986-B3E8A5F10605}.Debug|x86.Build.0 = Debug|Any CPU
		{A98F00B4-191B-4401-B986-B3E8A5F10605}.Release|Any CPU.ActiveCfg = Release|Any CPU
		{A98F00B4-191B-4401-B986-B3E8A5F10605}.Release|Any CPU.Build.0 = Release|Any CPU
		{A98F00B4-191B-4401-B986-B3E8A5F10605}.Release|ARM.ActiveCfg = Release|Any CPU
		{A98F00B4-191B-4401-B986-B3E8A5F10605}.Release|ARM.Build.0 = Release|Any CPU
		{A98F00B4-191B-4401-B986-B3E8A5F10605}.Release|arm64.ActiveCfg = Release|Any CPU
		{A98F00B4-191B-4401-B986-B3E8A5F10605}.Release|arm64.Build.0 = Release|Any CPU
		{A98F00B4-191B-4401-B986-B3E8A5F10605}.Release|x64.ActiveCfg = Release|Any CPU
		{A98F00B4-191B-4401-B986-B3E8A5F10605}.Release|x64.Build.0 = Release|Any CPU
		{A98F00B4-191B-4401-B986-B3E8A5F10605}.Release|x86.ActiveCfg = Release|Any CPU
		{A98F00B4-191B-4401-B986-B3E8A5F10605}.Release|x86.Build.0 = Release|Any CPU
		{0B5FF277-F018-41BA-B45E-49CD97BCDA02}.Debug|Any CPU.ActiveCfg = Debug|Any CPU
		{0B5FF277-F018-41BA-B45E-49CD97BCDA02}.Debug|Any CPU.Build.0 = Debug|Any CPU
		{0B5FF277-F018-41BA-B45E-49CD97BCDA02}.Debug|ARM.ActiveCfg = Debug|Any CPU
		{0B5FF277-F018-41BA-B45E-49CD97BCDA02}.Debug|ARM.Build.0 = Debug|Any CPU
		{0B5FF277-F018-41BA-B45E-49CD97BCDA02}.Debug|arm64.ActiveCfg = Debug|Any CPU
		{0B5FF277-F018-41BA-B45E-49CD97BCDA02}.Debug|arm64.Build.0 = Debug|Any CPU
		{0B5FF277-F018-41BA-B45E-49CD97BCDA02}.Debug|x64.ActiveCfg = Debug|Any CPU
		{0B5FF277-F018-41BA-B45E-49CD97BCDA02}.Debug|x64.Build.0 = Debug|Any CPU
		{0B5FF277-F018-41BA-B45E-49CD97BCDA02}.Debug|x86.ActiveCfg = Debug|Any CPU
		{0B5FF277-F018-41BA-B45E-49CD97BCDA02}.Debug|x86.Build.0 = Debug|Any CPU
		{0B5FF277-F018-41BA-B45E-49CD97BCDA02}.Release|Any CPU.ActiveCfg = Release|Any CPU
		{0B5FF277-F018-41BA-B45E-49CD97BCDA02}.Release|Any CPU.Build.0 = Release|Any CPU
		{0B5FF277-F018-41BA-B45E-49CD97BCDA02}.Release|ARM.ActiveCfg = Release|Any CPU
		{0B5FF277-F018-41BA-B45E-49CD97BCDA02}.Release|ARM.Build.0 = Release|Any CPU
		{0B5FF277-F018-41BA-B45E-49CD97BCDA02}.Release|arm64.ActiveCfg = Release|Any CPU
		{0B5FF277-F018-41BA-B45E-49CD97BCDA02}.Release|arm64.Build.0 = Release|Any CPU
		{0B5FF277-F018-41BA-B45E-49CD97BCDA02}.Release|x64.ActiveCfg = Release|Any CPU
		{0B5FF277-F018-41BA-B45E-49CD97BCDA02}.Release|x64.Build.0 = Release|Any CPU
		{0B5FF277-F018-41BA-B45E-49CD97BCDA02}.Release|x86.ActiveCfg = Release|Any CPU
		{0B5FF277-F018-41BA-B45E-49CD97BCDA02}.Release|x86.Build.0 = Release|Any CPU
		{46691A0F-6F40-4CB2-B17D-E14DABD459D6}.Debug|Any CPU.ActiveCfg = Debug|Any CPU
		{46691A0F-6F40-4CB2-B17D-E14DABD459D6}.Debug|Any CPU.Build.0 = Debug|Any CPU
		{46691A0F-6F40-4CB2-B17D-E14DABD459D6}.Debug|ARM.ActiveCfg = Debug|Any CPU
		{46691A0F-6F40-4CB2-B17D-E14DABD459D6}.Debug|ARM.Build.0 = Debug|Any CPU
		{46691A0F-6F40-4CB2-B17D-E14DABD459D6}.Debug|arm64.ActiveCfg = Debug|Any CPU
		{46691A0F-6F40-4CB2-B17D-E14DABD459D6}.Debug|arm64.Build.0 = Debug|Any CPU
		{46691A0F-6F40-4CB2-B17D-E14DABD459D6}.Debug|x64.ActiveCfg = Debug|Any CPU
		{46691A0F-6F40-4CB2-B17D-E14DABD459D6}.Debug|x64.Build.0 = Debug|Any CPU
		{46691A0F-6F40-4CB2-B17D-E14DABD459D6}.Debug|x86.ActiveCfg = Debug|Any CPU
		{46691A0F-6F40-4CB2-B17D-E14DABD459D6}.Debug|x86.Build.0 = Debug|Any CPU
		{46691A0F-6F40-4CB2-B17D-E14DABD459D6}.Release|Any CPU.ActiveCfg = Release|Any CPU
		{46691A0F-6F40-4CB2-B17D-E14DABD459D6}.Release|Any CPU.Build.0 = Release|Any CPU
		{46691A0F-6F40-4CB2-B17D-E14DABD459D6}.Release|ARM.ActiveCfg = Release|Any CPU
		{46691A0F-6F40-4CB2-B17D-E14DABD459D6}.Release|ARM.Build.0 = Release|Any CPU
		{46691A0F-6F40-4CB2-B17D-E14DABD459D6}.Release|arm64.ActiveCfg = Release|Any CPU
		{46691A0F-6F40-4CB2-B17D-E14DABD459D6}.Release|arm64.Build.0 = Release|Any CPU
		{46691A0F-6F40-4CB2-B17D-E14DABD459D6}.Release|x64.ActiveCfg = Release|Any CPU
		{46691A0F-6F40-4CB2-B17D-E14DABD459D6}.Release|x64.Build.0 = Release|Any CPU
		{46691A0F-6F40-4CB2-B17D-E14DABD459D6}.Release|x86.ActiveCfg = Release|Any CPU
		{46691A0F-6F40-4CB2-B17D-E14DABD459D6}.Release|x86.Build.0 = Release|Any CPU
	EndGlobalSection
	GlobalSection(SolutionProperties) = preSolution
		HideSolutionNode = FALSE
	EndGlobalSection
	GlobalSection(ExtensibilityGlobals) = postSolution
		SolutionGuid = {F30917EE-B349-4D24-B9FF-54532CCE1231}
	EndGlobalSection
EndGlobal
