
Microsoft Visual Studio Solution File, Format Version 12.00
# Visual Studio Version 17
VisualStudioVersion = 17.2.32630.192
MinimumVisualStudioVersion = 10.0.40219.1
Project("{FAE04EC0-301F-11D3-BF4B-00C04F79EFBC}") = "CLAddInNet6", "CLAddInNet6\CLAddInNet6.csproj", "{9DF8DD53-85EE-4FFF-BC0E-6EAB6BCEC9EB}"
EndProject
Global
	GlobalSection(SolutionConfigurationPlatforms) = preSolution
		Debug|Any CPU = Debug|Any CPU
		Release|Any CPU = Release|Any CPU
	EndGlobalSection
	GlobalSection(ProjectConfigurationPlatforms) = postSolution
		{9DF8DD53-85EE-4FFF-BC0E-6EAB6BCEC9EB}.Debug|Any CPU.ActiveCfg = Debug|Any CPU
		{9DF8DD53-85EE-4FFF-BC0E-6EAB6BCEC9EB}.Debug|Any CPU.Build.0 = Debug|Any CPU
		{9DF8DD53-85EE-4FFF-BC0E-6EAB6BCEC9EB}.Release|Any CPU.ActiveCfg = Release|Any CPU
		{9DF8DD53-85EE-4FFF-BC0E-6EAB6BCEC9EB}.Release|Any CPU.Build.0 = Release|Any CPU
	EndGlobalSection
	GlobalSection(SolutionProperties) = preSolution
		HideSolutionNode = FALSE
	EndGlobalSection
	GlobalSection(ExtensibilityGlobals) = postSolution
		SolutionGuid = {E9F147C0-ABBE-437C-BD38-79FE1020A7C0}
	EndGlobalSection
EndGlobal
